// !$*UTF8*$!
{
	archiveVersion = 1;
	classes = {
	};
	objectVersion = 50;
	objects = {

/* Begin PBXBuildFile section */
		5A01BEA02116DCEA00C3B320 /* AppDelegate.m in Sources */ = {isa = PBXBuildFile; fileRef = 5A01BE9F2116DCEA00C3B320 /* AppDelegate.m */; };
		5A01BEA32116DCEA00C3B320 /* ViewController.m in Sources */ = {isa = PBXBuildFile; fileRef = 5A01BEA22116DCEA00C3B320 /* ViewController.m */; };
		5A01BEA62116DCEA00C3B320 /* Main.storyboard in Resources */ = {isa = PBXBuildFile; fileRef = 5A01BEA42116DCEA00C3B320 /* Main.storyboard */; };
		5A01BEA82116DCEC00C3B320 /* Assets.xcassets in Resources */ = {isa = PBXBuildFile; fileRef = 5A01BEA72116DCEC00C3B320 /* Assets.xcassets */; };
		5A01BEAB2116DCEC00C3B320 /* LaunchScreen.storyboard in Resources */ = {isa = PBXBuildFile; fileRef = 5A01BEA92116DCEC00C3B320 /* LaunchScreen.storyboard */; };
		5A01BEAE2116DCEC00C3B320 /* main.m in Sources */ = {isa = PBXBuildFile; fileRef = 5A01BEAD2116DCEC00C3B320 /* main.m */; };
		5A01BEB72116DCFB00C3B320 /* XLSlider.m in Sources */ = {isa = PBXBuildFile; fileRef = 5A01BEB42116DCFB00C3B320 /* XLSlider.m */; };
		5A01BEB82116DCFB00C3B320 /* XLSlider.xib in Resources */ = {isa = PBXBuildFile; fileRef = 5A01BEB62116DCFB00C3B320 /* XLSlider.xib */; };
		5A01BEBB2116DE7600C3B320 /* imageedit_blackhandler@3x.png in Resources */ = {isa = PBXBuildFile; fileRef = 5A01BEB92116DE7600C3B320 /* imageedit_blackhandler@3x.png */; };
		5A01BEBC2116DE7600C3B320 /* imageedit_blackhandler@2x.png in Resources */ = {isa = PBXBuildFile; fileRef = 5A01BEBA2116DE7600C3B320 /* imageedit_blackhandler@2x.png */; };
/* End PBXBuildFile section */

/* Begin PBXFileReference section */
		5A01BE9B2116DCEA00C3B320 /* XLSlider.app */ = {isa = PBXFileReference; explicitFileType = wrapper.application; includeInIndex = 0; path = XLSlider.app; sourceTree = BUILT_PRODUCTS_DIR; };
		5A01BE9E2116DCEA00C3B320 /* AppDelegate.h */ = {isa = PBXFileReference; lastKnownFileType = sourcecode.c.h; path = AppDelegate.h; sourceTree = "<group>"; };
		5A01BE9F2116DCEA00C3B320 /* AppDelegate.m */ = {isa = PBXFileReference; lastKnownFileType = sourcecode.c.objc; path = AppDelegate.m; sourceTree = "<group>"; };
		5A01BEA12116DCEA00C3B320 /* ViewController.h */ = {isa = PBXFileReference; lastKnownFileType = sourcecode.c.h; path = ViewController.h; sourceTree = "<group>"; };
		5A01BEA22116DCEA00C3B320 /* ViewController.m */ = {isa = PBXFileReference; lastKnownFileType = sourcecode.c.objc; path = ViewController.m; sourceTree = "<group>"; };
		5A01BEA52116DCEA00C3B320 /* Base */ = {isa = PBXFileReference; lastKnownFileType = file.storyboard; name = Base; path = Base.lproj/Main.storyboard; sourceTree = "<group>"; };
		5A01BEA72116DCEC00C3B320 /* Assets.xcassets */ = {isa = PBXFileReference; lastKnownFileType = folder.assetcatalog; path = Assets.xcassets; sourceTree = "<group>"; };
		5A01BEAA2116DCEC00C3B320 /* Base */ = {isa = PBXFileReference; lastKnownFileType = file.storyboard; name = Base; path = Base.lproj/LaunchScreen.storyboard; sourceTree = "<group>"; };
		5A01BEAC2116DCEC00C3B320 /* Info.plist */ = {isa = PBXFileReference; lastKnownFileType = text.plist.xml; path = Info.plist; sourceTree = "<group>"; };
		5A01BEAD2116DCEC00C3B320 /* main.m */ = {isa = PBXFileReference; lastKnownFileType = sourcecode.c.objc; path = main.m; sourceTree = "<group>"; };
		5A01BEB42116DCFB00C3B320 /* XLSlider.m */ = {isa = PBXFileReference; fileEncoding = 4; lastKnownFileType = sourcecode.c.objc; path = XLSlider.m; sourceTree = "<group>"; };
		5A01BEB52116DCFB00C3B320 /* XLSlider.h */ = {isa = PBXFileReference; fileEncoding = 4; lastKnownFileType = sourcecode.c.h; path = XLSlider.h; sourceTree = "<group>"; };
		5A01BEB62116DCFB00C3B320 /* XLSlider.xib */ = {isa = PBXFileReference; fileEncoding = 4; lastKnownFileType = file.xib; path = XLSlider.xib; sourceTree = "<group>"; };
		5A01BEB92116DE7600C3B320 /* imageedit_blackhandler@3x.png */ = {isa = PBXFileReference; lastKnownFileType = image.png; path = "imageedit_blackhandler@3x.png"; sourceTree = "<group>"; };
		5A01BEBA2116DE7600C3B320 /* imageedit_blackhandler@2x.png */ = {isa = PBXFileReference; lastKnownFileType = image.png; path = "imageedit_blackhandler@2x.png"; sourceTree = "<group>"; };
/* End PBXFileReference section */

/* Begin PBXFrameworksBuildPhase section */
		5A01BE982116DCEA00C3B320 /* Frameworks */ = {
			isa = PBXFrameworksBuildPhase;
			buildActionMask = 2147483647;
			files = (
			);
			runOnlyForDeploymentPostprocessing = 0;
		};
/* End PBXFrameworksBuildPhase section */

/* Begin PBXGroup section */
		5A01BE922116DCEA00C3B320 = {
			isa = PBXGroup;
			children = (
				5A01BE9D2116DCEA00C3B320 /* XLSlider */,
				5A01BE9C2116DCEA00C3B320 /* Products */,
			);
			sourceTree = "<group>";
		};
		5A01BE9C2116DCEA00C3B320 /* Products */ = {
			isa = PBXGroup;
			children = (
				5A01BE9B2116DCEA00C3B320 /* XLSlider.app */,
			);
			name = Products;
			sourceTree = "<group>";
		};
		5A01BE9D2116DCEA00C3B320 /* XLSlider */ = {
			isa = PBXGroup;
			children = (
				5A01BE9E2116DCEA00C3B320 /* AppDelegate.h */,
				5A01BE9F2116DCEA00C3B320 /* AppDelegate.m */,
				5A01BEA12116DCEA00C3B320 /* ViewController.h */,
				5A01BEA22116DCEA00C3B320 /* ViewController.m */,
				5A01BEBD2116DE8100C3B320 /* slider */,
				5A01BEA42116DCEA00C3B320 /* Main.storyboard */,
				5A01BEA72116DCEC00C3B320 /* Assets.xcassets */,
				5A01BEA92116DCEC00C3B320 /* LaunchScreen.storyboard */,
				5A01BEAC2116DCEC00C3B320 /* Info.plist */,
				5A01BEAD2116DCEC00C3B320 /* main.m */,
			);
			path = XLSlider;
			sourceTree = "<group>";
		};
		5A01BEBD2116DE8100C3B320 /* slider */ = {
			isa = PBXGroup;
			children = (
				5A01BEB52116DCFB00C3B320 /* XLSlider.h */,
				5A01BEB42116DCFB00C3B320 /* XLSlider.m */,
				5A01BEB62116DCFB00C3B320 /* XLSlider.xib */,
				5A01BEBA2116DE7600C3B320 /* imageedit_blackhandler@2x.png */,
				5A01BEB92116DE7600C3B320 /* imageedit_blackhandler@3x.png */,
			);
			path = slider;
			sourceTree = "<group>";
		};
/* End PBXGroup section */

/* Begin PBXNativeTarget section */
		5A01BE9A2116DCEA00C3B320 /* XLSlider */ = {
			isa = PBXNativeTarget;
			buildConfigurationList = 5A01BEB12116DCEC00C3B320 /* Build configuration list for PBXNativeTarget "XLSlider" */;
			buildPhases = (
				5A01BE972116DCEA00C3B320 /* Sources */,
				5A01BE982116DCEA00C3B320 /* Frameworks */,
				5A01BE992116DCEA00C3B320 /* Resources */,
			);
			buildRules = (
			);
			dependencies = (
			);
			name = XLSlider;
			productName = XLSlider;
			productReference = 5A01BE9B2116DCEA00C3B320 /* XLSlider.app */;
			productType = "com.apple.product-type.application";
		};
/* End PBXNativeTarget section */

/* Begin PBXProject section */
		5A01BE932116DCEA00C3B320 /* Project object */ = {
			isa = PBXProject;
			attributes = {
				LastUpgradeCheck = 0940;
				ORGANIZATIONNAME = xll;
				TargetAttributes = {
					5A01BE9A2116DCEA00C3B320 = {
						CreatedOnToolsVersion = 9.4.1;
					};
				};
			};
			buildConfigurationList = 5A01BE962116DCEA00C3B320 /* Build configuration list for PBXProject "XLSlider" */;
			compatibilityVersion = "Xcode 9.3";
			developmentRegion = en;
			hasScannedForEncodings = 0;
			knownRegions = (
				en,
				Base,
			);
			mainGroup = 5A01BE922116DCEA00C3B320;
			productRefGroup = 5A01BE9C2116DCEA00C3B320 /* Products */;
			projectDirPath = "";
			projectRoot = "";
			targets = (
				5A01BE9A2116DCEA00C3B320 /* XLSlider */,
			);
		};
/* End PBXProject section */

/* Begin PBXResourcesBuildPhase section */
		5A01BE992116DCEA00C3B320 /* Resources */ = {
			isa = PBXResourcesBuildPhase;
			buildActionMask = 2147483647;
			files = (
				5A01BEB82116DCFB00C3B320 /* XLSlider.xib in Resources */,
				5A01BEBC2116DE7600C3B320 /* imageedit_blackhandler@2x.png in Resources */,
				5A01BEAB2116DCEC00C3B320 /* LaunchScreen.storyboard in Resources */,
				5A01BEA82116DCEC00C3B320 /* Assets.xcassets in Resources */,
				5A01BEBB2116DE7600C3B320 /* imageedit_blackhandler@3x.png in Resources */,
				5A01BEA62116DCEA00C3B320 /* Main.storyboard in Resources */,
			);
			runOnlyForDeploymentPostprocessing = 0;
		};
/* End PBXResourcesBuildPhase section */

/* Begin PBXSourcesBuildPhase section */
		5A01BE972116DCEA00C3B320 /* Sources */ = {
			isa = PBXSourcesBuildPhase;
			buildActionMask = 2147483647;
			files = (
				5A01BEB72116DCFB00C3B320 /* XLSlider.m in Sources */,
				5A01BEA32116DCEA00C3B320 /* ViewController.m in Sources */,
				5A01BEAE2116DCEC00C3B320 /* main.m in Sources */,
				5A01BEA02116DCEA00C3B320 /* AppDelegate.m in Sources */,
			);
			runOnlyForDeploymentPostprocessing = 0;
		};
/* End PBXSourcesBuildPhase section */

/* Begin PBXVariantGroup section */
		5A01BEA42116DCEA00C3B320 /* Main.storyboard */ = {
			isa = PBXVariantGroup;
			children = (
				5A01BEA52116DCEA00C3B320 /* Base */,
			);
			name = Main.storyboard;
			sourceTree = "<group>";
		};
		5A01BEA92116DCEC00C3B320 /* LaunchScreen.storyboard */ = {
			isa = PBXVariantGroup;
			children = (
				5A01BEAA2116DCEC00C3B320 /* Base */,
			);
			name = LaunchScreen.storyboard;
			sourceTree = "<group>";
		};
/* End PBXVariantGroup section */

/* Begin XCBuildConfiguration section */
		5A01BEAF2116DCEC00C3B320 /* Debug */ = {
			isa = XCBuildConfiguration;
			buildSettings = {
				ALWAYS_SEARCH_USER_PATHS = NO;
				CLANG_ANALYZER_NONNULL = YES;
				CLANG_ANALYZER_NUMBER_OBJECT_CONVERSION = YES_AGGRESSIVE;
				CLANG_CXX_LANGUAGE_STANDARD = "gnu++14";
				CLANG_CXX_LIBRARY = "libc++";
				CLANG_ENABLE_MODULES = YES;
				CLANG_ENABLE_OBJC_ARC = YES;
				CLANG_ENABLE_OBJC_WEAK = YES;
				CLANG_WARN_BLOCK_CAPTURE_AUTORELEASING = YES;
				CLANG_WARN_BOOL_CONVERSION = YES;
				CLANG_WARN_COMMA = YES;
				CLANG_WARN_CONSTANT_CONVERSION = YES;
				CLANG_WARN_DEPRECATED_OBJC_IMPLEMENTATIONS = YES;
				CLANG_WARN_DIRECT_OBJC_ISA_USAGE = YES_ERROR;
				CLANG_WARN_DOCUMENTATION_COMMENTS = YES;
				CLANG_WARN_EMPTY_BODY = YES;
				CLANG_WARN_ENUM_CONVERSION = YES;
				CLANG_WARN_INFINITE_RECURSION = YES;
				CLANG_WARN_INT_CONVERSION = YES;
				CLANG_WARN_NON_LITERAL_NULL_CONVERSION = YES;
				CLANG_WARN_OBJC_IMPLICIT_RETAIN_SELF = YES;
				CLANG_WARN_OBJC_LITERAL_CONVERSION = YES;
				CLANG_WARN_OBJC_ROOT_CLASS = YES_ERROR;
				CLANG_WARN_RANGE_LOOP_ANALYSIS = YES;
				CLANG_WARN_STRICT_PROTOTYPES = YES;
				CLANG_WARN_SUSPICIOUS_MOVE = YES;
				CLANG_WARN_UNGUARDED_AVAILABILITY = YES_AGGRESSIVE;
				CLANG_WARN_UNREACHABLE_CODE = YES;
				CLANG_WARN__DUPLICATE_METHOD_MATCH = YES;
				CODE_SIGN_IDENTITY = "iPhone Developer";
				COPY_PHASE_STRIP = NO;
				DEBUG_INFORMATION_FORMAT = dwarf;
				ENABLE_STRICT_OBJC_MSGSEND = YES;
				ENABLE_TESTABILITY = YES;
				GCC_C_LANGUAGE_STANDARD = gnu11;
				GCC_DYNAMIC_NO_PIC = NO;
				GCC_NO_COMMON_BLOCKS = YES;
				GCC_OPTIMIZATION_LEVEL = 0;
				GCC_PREPROCESSOR_DEFINITIONS = (
					"DEBUG=1",
					"$(inherited)",
				);
				GCC_WARN_64_TO_32_BIT_CONVERSION = YES;
				GCC_WARN_ABOUT_RETURN_TYPE = YES_ERROR;
				GCC_WARN_UNDECLARED_SELECTOR = YES;
				GCC_WARN_UNINITIALIZED_AUTOS = YES_AGGRESSIVE;
				GCC_WARN_UNUSED_FUNCTION = YES;
				GCC_WARN_UNUSED_VARIABLE = YES;
				IPHONEOS_DEPLOYMENT_TARGET = 11.4;
				MTL_ENABLE_DEBUG_INFO = YES;
				ONLY_ACTIVE_ARCH = YES;
				SDKROOT = iphoneos;
			};
			name = Debug;
		};
		5A01BEB02116DCEC00C3B320 /* Release */ = {
			isa = XCBuildConfiguration;
			buildSettings = {
				ALWAYS_SEARCH_USER_PATHS = NO;
				CLANG_ANALYZER_NONNULL = YES;
				CLANG_ANALYZER_NUMBER_OBJECT_CONVERSION = YES_AGGRESSIVE;
				CLANG_CXX_LANGUAGE_STANDARD = "gnu++14";
				CLANG_CXX_LIBRARY = "libc++";
				CLANG_ENABLE_MODULES = YES;
				CLANG_ENABLE_OBJC_ARC = YES;
				CLANG_ENABLE_OBJC_WEAK = YES;
				CLANG_WARN_BLOCK_CAPTURE_AUTORELEASING = YES;
				CLANG_WARN_BOOL_CONVERSION = YES;
				CLANG_WARN_COMMA = YES;
				CLANG_WARN_CONSTANT_CONVERSION = YES;
				CLANG_WARN_DEPRECATED_OBJC_IMPLEMENTATIONS = YES;
				CLANG_WARN_DIRECT_OBJC_ISA_USAGE = YES_ERROR;
				CLANG_WARN_DOCUMENTATION_COMMENTS = YES;
				CLANG_WARN_EMPTY_BODY = YES;
				CLANG_WARN_ENUM_CONVERSION = YES;
				CLANG_WARN_INFINITE_RECURSION = YES;
				CLANG_WARN_INT_CONVERSION = YES;
				CLANG_WARN_NON_LITERAL_NULL_CONVERSION = YES;
				CLANG_WARN_OBJC_IMPLICIT_RETAIN_SELF = YES;
				CLANG_WARN_OBJC_LITERAL_CONVERSION = YES;
				CLANG_WARN_OBJC_ROOT_CLASS = YES_ERROR;
				CLANG_WARN_RANGE_LOOP_ANALYSIS = YES;
				CLANG_WARN_STRICT_PROTOTYPES = YES;
				CLANG_WARN_SUSPICIOUS_MOVE = YES;
				CLANG_WARN_UNGUARDED_AVAILABILITY = YES_AGGRESSIVE;
				CLANG_WARN_UNREACHABLE_CODE = YES;
				CLANG_WARN__DUPLICATE_METHOD_MATCH = YES;
				CODE_SIGN_IDENTITY = "iPhone Developer";
				COPY_PHASE_STRIP = NO;
				DEBUG_INFORMATION_FORMAT = "dwarf-with-dsym";
				ENABLE_NS_ASSERTIONS = NO;
				ENABLE_STRICT_OBJC_MSGSEND = YES;
				GCC_C_LANGUAGE_STANDARD = gnu11;
				GCC_NO_COMMON_BLOCKS = YES;
				GCC_WARN_64_TO_32_BIT_CONVERSION = YES;
				GCC_WARN_ABOUT_RETURN_TYPE = YES_ERROR;
				GCC_WARN_UNDECLARED_SELECTOR = YES;
				GCC_WARN_UNINITIALIZED_AUTOS = YES_AGGRESSIVE;
				GCC_WARN_UNUSED_FUNCTION = YES;
				GCC_WARN_UNUSED_VARIABLE = YES;
				IPHONEOS_DEPLOYMENT_TARGET = 11.4;
				MTL_ENABLE_DEBUG_INFO = NO;
				SDKROOT = iphoneos;
				VALIDATE_PRODUCT = YES;
			};
			name = Release;
		};
		5A01BEB22116DCEC00C3B320 /* Debug */ = {
			isa = XCBuildConfiguration;
			buildSettings = {
				ASSETCATALOG_COMPILER_APPICON_NAME = AppIcon;
				CODE_SIGN_STYLE = Automatic;
				DEVELOPMENT_TEAM = JXN5JP95UD;
				INFOPLIST_FILE = XLSlider/Info.plist;
				LD_RUNPATH_SEARCH_PATHS = (
					"$(inherited)",
					"@executable_path/Frameworks",
				);
				PRODUCT_BUNDLE_IDENTIFIER = com.xll.XLSlider;
				PRODUCT_NAME = "$(TARGET_NAME)";
				TARGETED_DEVICE_FAMILY = "1,2";
			};
			name = Debug;
		};
		5A01BEB32116DCEC00C3B320 /* Release */ = {
			isa = XCBuildConfiguration;
			buildSettings = {
				ASSETCATALOG_COMPILER_APPICON_NAME = AppIcon;
				CODE_SIGN_STYLE = Automatic;
				DEVELOPMENT_TEAM = JXN5JP95UD;
				INFOPLIST_FILE = XLSlider/Info.plist;
				LD_RUNPATH_SEARCH_PATHS = (
					"$(inherited)",
					"@executable_path/Frameworks",
				);
				PRODUCT_BUNDLE_IDENTIFIER = com.xll.XLSlider;
				PRODUCT_NAME = "$(TARGET_NAME)";
				TARGETED_DEVICE_FAMILY = "1,2";
			};
			name = Release;
		};
/* End XCBuildConfiguration section */

/* Begin XCConfigurationList section */
		5A01BE962116DCEA00C3B320 /* Build configuration list for PBXProject "XLSlider" */ = {
			isa = XCConfigurationList;
			buildConfigurations = (
				5A01BEAF2116DCEC00C3B320 /* Debug */,
				5A01BEB02116DCEC00C3B320 /* Release */,
			);
			defaultConfigurationIsVisible = 0;
			defaultConfigurationName = Release;
		};
		5A01BEB12116DCEC00C3B320 /* Build configuration list for PBXNativeTarget "XLSlider" */ = {
			isa = XCConfigurationList;
			buildConfigurations = (
				5A01BEB22116DCEC00C3B320 /* Debug */,
				5A01BEB32116DCEC00C3B320 /* Release */,
			);
			defaultConfigurationIsVisible = 0;
			defaultConfigurationName = Release;
		};
/* End XCConfigurationList section */
	};
	rootObject = 5A01BE932116DCEA00C3B320 /* Project object */;
}
